# This file was autogenerated by Stack.
# You should not edit this file by hand.
# For more information, please see the documentation at:
#   https://docs.haskellstack.org/en/stable/lock_files

packages: []
snapshots:
- completed:
    size: 503674
    url: https://raw.githubusercontent.com/commercialhaskell/stackage-snapshots/master/lts/12/10.yaml
    sha256: 3f6a3139a4fe86c154496156ba9bc45328debae508485f0e314609eb9cc7e467
  original: lts-12.10
