# This file was autogenerated by Stack.
# You should not edit this file by hand.
# For more information, please see the documentation at:
#   https://docs.haskellstack.org/en/stable/topics/lock_files

packages: []
snapshots:
- completed:
    sha256: 636d72b3fc8b9c28199812f093ed00dad86d7049bf25fb322362ffae3221f3d2
    size: 620917
    url: https://raw.githubusercontent.com/commercialhaskell/stackage-snapshots/master/nightly/2025/1/4.yaml
  original: nightly-2025-01-04
